// !$*UTF8*$!
{
	archiveVersion = 1;
	classes = {
	};
	objectVersion = 51;
	objects = {

/* Begin PBXBuildFile section */
		8CC988DD61712D099C2F05D6 /* Pods_botDesaparecidx.framework in Frameworks */ = {isa = PBXBuildFile; fileRef = E8124222847D04DFF346405F /* Pods_botDesaparecidx.framework */; };
		B2C738A32651D8A30015DA8E /* TableViewControllerInicio.swift in Sources */ = {isa = PBXBuildFile; fileRef = B2C738A22651D8A30015DA8E /* TableViewControllerInicio.swift */; };
		B2C738A62651D8E00015DA8E /* TableViewControllerBuscar.swift in Sources */ = {isa = PBXBuildFile; fileRef = B2C738A52651D8E00015DA8E /* TableViewControllerBuscar.swift */; };
		B2C738A92651D95B0015DA8E /* ViewControllerCompartir.swift in Sources */ = {isa = PBXBuildFile; fileRef = B2C738A82651D95A0015DA8E /* ViewControllerCompartir.swift */; };
		B2C738AC2651D99C0015DA8E /* TableViewControllerGuardar.swift in Sources */ = {isa = PBXBuildFile; fileRef = B2C738AB2651D99C0015DA8E /* TableViewControllerGuardar.swift */; };
		FA251548264C24BC00B4DB65 /* HomeViewController.swift in Sources */ = {isa = PBXBuildFile; fileRef = FA251547264C24BC00B4DB65 /* HomeViewController.swift */; };
		FA25154B264C2AEB00B4DB65 /* ViewControllerInicio.swift in Sources */ = {isa = PBXBuildFile; fileRef = FA25154A264C2AEB00B4DB65 /* ViewControllerInicio.swift */; };
		FA3EA0C7262FA9060093BD96 /* ViewControllerRegistrar.swift in Sources */ = {isa = PBXBuildFile; fileRef = FA3EA0C6262FA9060093BD96 /* ViewControllerRegistrar.swift */; };
		FA3EA0C9262FA9180093BD96 /* ViewControllerLogin.swift in Sources */ = {isa = PBXBuildFile; fileRef = FA3EA0C8262FA9180093BD96 /* ViewControllerLogin.swift */; };
		FA9BEB4F262F818C009E3540 /* AppDelegate.swift in Sources */ = {isa = PBXBuildFile; fileRef = FA9BEB4E262F818C009E3540 /* AppDelegate.swift */; };
		FA9BEB51262F818C009E3540 /* SceneDelegate.swift in Sources */ = {isa = PBXBuildFile; fileRef = FA9BEB50262F818C009E3540 /* SceneDelegate.swift */; };
		FA9BEB53262F818C009E3540 /* ViewController.swift in Sources */ = {isa = PBXBuildFile; fileRef = FA9BEB52262F818C009E3540 /* ViewController.swift */; };
		FA9BEB56262F818C009E3540 /* Main.storyboard in Resources */ = {isa = PBXBuildFile; fileRef = FA9BEB54262F818C009E3540 /* Main.storyboard */; };
		FA9BEB58262F818D009E3540 /* Assets.xcassets in Resources */ = {isa = PBXBuildFile; fileRef = FA9BEB57262F818D009E3540 /* Assets.xcassets */; };
		FA9BEB5B262F818D009E3540 /* LaunchScreen.storyboard in Resources */ = {isa = PBXBuildFile; fileRef = FA9BEB59262F818D009E3540 /* LaunchScreen.storyboard */; };
		FABD25B3265305000047958D /* tweet.swift in Sources */ = {isa = PBXBuildFile; fileRef = FABD25B2265305000047958D /* tweet.swift */; };
		FAC92EE0265CC88C00DB6C19 /* CasoTableViewCell.swift in Sources */ = {isa = PBXBuildFile; fileRef = FAC92EDE265CC88C00DB6C19 /* CasoTableViewCell.swift */; };
		FAC92EE1265CC88C00DB6C19 /* CasoTableViewCell.xib in Resources */ = {isa = PBXBuildFile; fileRef = FAC92EDF265CC88C00DB6C19 /* CasoTableViewCell.xib */; };
		FAE125CC26321DA0005C35EA /* GoogleService-Info.plist in Resources */ = {isa = PBXBuildFile; fileRef = FAE125CB26321DA0005C35EA /* GoogleService-Info.plist */; };
		FAE4EEB0265612C70074F9AE /* ViewControllerReset.swift in Sources */ = {isa = PBXBuildFile; fileRef = FAE4EEAF265612C70074F9AE /* ViewControllerReset.swift */; };
		FAF96A4C265DDBF900332D0C /* MuseoModerno-VariableFont_wght.ttf in Resources */ = {isa = PBXBuildFile; fileRef = FAF96A4A265DDBE800332D0C /* MuseoModerno-VariableFont_wght.ttf */; };
/* End PBXBuildFile section */

/* Begin PBXFileReference section */
		74DD964D0108D37424E7CB88 /* Pods-botDesaparecidx.debug.xcconfig */ = {isa = PBXFileReference; includeInIndex = 1; lastKnownFileType = text.xcconfig; name = "Pods-botDesaparecidx.debug.xcconfig"; path = "Target Support Files/Pods-botDesaparecidx/Pods-botDesaparecidx.debug.xcconfig"; sourceTree = "<group>"; };
		B2C738A22651D8A30015DA8E /* TableViewControllerInicio.swift */ = {isa = PBXFileReference; lastKnownFileType = sourcecode.swift; path = TableViewControllerInicio.swift; sourceTree = "<group>"; };
		B2C738A52651D8E00015DA8E /* TableViewControllerBuscar.swift */ = {isa = PBXFileReference; lastKnownFileType = sourcecode.swift; path = TableViewControllerBuscar.swift; sourceTree = "<group>"; };
		B2C738A82651D95A0015DA8E /* ViewControllerCompartir.swift */ = {isa = PBXFileReference; lastKnownFileType = sourcecode.swift; path = ViewControllerCompartir.swift; sourceTree = "<group>"; };
		B2C738AB2651D99C0015DA8E /* TableViewControllerGuardar.swift */ = {isa = PBXFileReference; lastKnownFileType = sourcecode.swift; path = TableViewControllerGuardar.swift; sourceTree = "<group>"; };
		E8124222847D04DFF346405F /* Pods_botDesaparecidx.framework */ = {isa = PBXFileReference; explicitFileType = wrapper.framework; includeInIndex = 0; path = Pods_botDesaparecidx.framework; sourceTree = BUILT_PRODUCTS_DIR; };
		EE8D8D283D984ABED60A2CFB /* Pods-botDesaparecidx.release.xcconfig */ = {isa = PBXFileReference; includeInIndex = 1; lastKnownFileType = text.xcconfig; name = "Pods-botDesaparecidx.release.xcconfig"; path = "Target Support Files/Pods-botDesaparecidx/Pods-botDesaparecidx.release.xcconfig"; sourceTree = "<group>"; };
		FA251547264C24BC00B4DB65 /* HomeViewController.swift */ = {isa = PBXFileReference; lastKnownFileType = sourcecode.swift; path = HomeViewController.swift; sourceTree = "<group>"; };
		FA25154A264C2AEB00B4DB65 /* ViewControllerInicio.swift */ = {isa = PBXFileReference; lastKnownFileType = sourcecode.swift; path = ViewControllerInicio.swift; sourceTree = "<group>"; };
		FA3EA0C6262FA9060093BD96 /* ViewControllerRegistrar.swift */ = {isa = PBXFileReference; lastKnownFileType = sourcecode.swift; path = ViewControllerRegistrar.swift; sourceTree = "<group>"; };
		FA3EA0C8262FA9180093BD96 /* ViewControllerLogin.swift */ = {isa = PBXFileReference; lastKnownFileType = sourcecode.swift; path = ViewControllerLogin.swift; sourceTree = "<group>"; };
		FA9BEB4B262F818C009E3540 /* botDesaparecidx.app */ = {isa = PBXFileReference; explicitFileType = wrapper.application; includeInIndex = 0; path = botDesaparecidx.app; sourceTree = BUILT_PRODUCTS_DIR; };
		FA9BEB4E262F818C009E3540 /* AppDelegate.swift */ = {isa = PBXFileReference; lastKnownFileType = sourcecode.swift; path = AppDelegate.swift; sourceTree = "<group>"; };
		FA9BEB50262F818C009E3540 /* SceneDelegate.swift */ = {isa = PBXFileReference; lastKnownFileType = sourcecode.swift; path = SceneDelegate.swift; sourceTree = "<group>"; };
		FA9BEB52262F818C009E3540 /* ViewController.swift */ = {isa = PBXFileReference; lastKnownFileType = sourcecode.swift; path = ViewController.swift; sourceTree = "<group>"; };
		FA9BEB55262F818C009E3540 /* Base */ = {isa = PBXFileReference; lastKnownFileType = file.storyboard; name = Base; path = Base.lproj/Main.storyboard; sourceTree = "<group>"; };
		FA9BEB57262F818D009E3540 /* Assets.xcassets */ = {isa = PBXFileReference; lastKnownFileType = folder.assetcatalog; path = Assets.xcassets; sourceTree = "<group>"; };
		FA9BEB5A262F818D009E3540 /* Base */ = {isa = PBXFileReference; lastKnownFileType = file.storyboard; name = Base; path = Base.lproj/LaunchScreen.storyboard; sourceTree = "<group>"; };
		FA9BEB5C262F818D009E3540 /* Info.plist */ = {isa = PBXFileReference; lastKnownFileType = text.plist.xml; path = Info.plist; sourceTree = "<group>"; };
		FABD25B2265305000047958D /* tweet.swift */ = {isa = PBXFileReference; lastKnownFileType = sourcecode.swift; name = tweet.swift; path = botDesaparecidx/tweet.swift; sourceTree = SOURCE_ROOT; };
		FAC92EDE265CC88C00DB6C19 /* CasoTableViewCell.swift */ = {isa = PBXFileReference; lastKnownFileType = sourcecode.swift; path = CasoTableViewCell.swift; sourceTree = "<group>"; };
		FAC92EDF265CC88C00DB6C19 /* CasoTableViewCell.xib */ = {isa = PBXFileReference; lastKnownFileType = file.xib; path = CasoTableViewCell.xib; sourceTree = "<group>"; };
		FAE125CB26321DA0005C35EA /* GoogleService-Info.plist */ = {isa = PBXFileReference; fileEncoding = 4; lastKnownFileType = text.plist.xml; name = "GoogleService-Info.plist"; path = "../../../Downloads/GoogleService-Info.plist"; sourceTree = "<group>"; };
		FAE4EEAF265612C70074F9AE /* ViewControllerReset.swift */ = {isa = PBXFileReference; lastKnownFileType = sourcecode.swift; path = ViewControllerReset.swift; sourceTree = "<group>"; };
		FAF96A4A265DDBE800332D0C /* MuseoModerno-VariableFont_wght.ttf */ = {isa = PBXFileReference; lastKnownFileType = file; name = "MuseoModerno-VariableFont_wght.ttf"; path = "../../../../Downloads/MuseoModerno/MuseoModerno-VariableFont_wght.ttf"; sourceTree = "<group>"; };
/* End PBXFileReference section */

/* Begin PBXFrameworksBuildPhase section */
		FA9BEB48262F818C009E3540 /* Frameworks */ = {
			isa = PBXFrameworksBuildPhase;
			buildActionMask = 2147483647;
			files = (
				8CC988DD61712D099C2F05D6 /* Pods_botDesaparecidx.framework in Frameworks */,
			);
			runOnlyForDeploymentPostprocessing = 0;
		};
/* End PBXFrameworksBuildPhase section */

/* Begin PBXGroup section */
		372262A4E48B800A483CAAFD /* Frameworks */ = {
			isa = PBXGroup;
			children = (
				E8124222847D04DFF346405F /* Pods_botDesaparecidx.framework */,
			);
			name = Frameworks;
			sourceTree = "<group>";
		};
		DBD2F4D7C3C47389A7D2B3CA /* Pods */ = {
			isa = PBXGroup;
			children = (
				74DD964D0108D37424E7CB88 /* Pods-botDesaparecidx.debug.xcconfig */,
				EE8D8D283D984ABED60A2CFB /* Pods-botDesaparecidx.release.xcconfig */,
			);
			path = Pods;
			sourceTree = "<group>";
		};
		FA9BEB42262F818C009E3540 = {
			isa = PBXGroup;
			children = (
				FA9BEB4D262F818C009E3540 /* botDesaparecidx */,
				FA9BEB4C262F818C009E3540 /* Products */,
				DBD2F4D7C3C47389A7D2B3CA /* Pods */,
				372262A4E48B800A483CAAFD /* Frameworks */,
			);
			sourceTree = "<group>";
		};
		FA9BEB4C262F818C009E3540 /* Products */ = {
			isa = PBXGroup;
			children = (
				FA9BEB4B262F818C009E3540 /* botDesaparecidx.app */,
			);
			name = Products;
			sourceTree = "<group>";
		};
		FA9BEB4D262F818C009E3540 /* botDesaparecidx */ = {
			isa = PBXGroup;
			children = (
				FAF96A49265DDBCE00332D0C /* fonts */,
				FABD25B2265305000047958D /* tweet.swift */,
				FA9BEB4E262F818C009E3540 /* AppDelegate.swift */,
				FA9BEB50262F818C009E3540 /* SceneDelegate.swift */,
				FA9BEB52262F818C009E3540 /* ViewController.swift */,
				FA9BEB54262F818C009E3540 /* Main.storyboard */,
				B2C738AB2651D99C0015DA8E /* TableViewControllerGuardar.swift */,
				B2C738A82651D95A0015DA8E /* ViewControllerCompartir.swift */,
				B2C738A52651D8E00015DA8E /* TableViewControllerBuscar.swift */,
				B2C738A22651D8A30015DA8E /* TableViewControllerInicio.swift */,
				FA25154A264C2AEB00B4DB65 /* ViewControllerInicio.swift */,
				FA251547264C24BC00B4DB65 /* HomeViewController.swift */,
				FAE125CB26321DA0005C35EA /* GoogleService-Info.plist */,
				FA3EA0C8262FA9180093BD96 /* ViewControllerLogin.swift */,
				FA3EA0C6262FA9060093BD96 /* ViewControllerRegistrar.swift */,
				FA9BEB57262F818D009E3540 /* Assets.xcassets */,
				FA9BEB59262F818D009E3540 /* LaunchScreen.storyboard */,
				FA9BEB5C262F818D009E3540 /* Info.plist */,
				FAE4EEAF265612C70074F9AE /* ViewControllerReset.swift */,
				FAC92EDE265CC88C00DB6C19 /* CasoTableViewCell.swift */,
				FAC92EDF265CC88C00DB6C19 /* CasoTableViewCell.xib */,
			);
			path = botDesaparecidx;
			sourceTree = "<group>";
		};
		FAF96A49265DDBCE00332D0C /* fonts */ = {
			isa = PBXGroup;
			children = (
				FAF96A4A265DDBE800332D0C /* MuseoModerno-VariableFont_wght.ttf */,
			);
			path = fonts;
			sourceTree = "<group>";
		};
/* End PBXGroup section */

/* Begin PBXNativeTarget section */
		FA9BEB4A262F818C009E3540 /* botDesaparecidx */ = {
			isa = PBXNativeTarget;
			buildConfigurationList = FA9BEB5F262F818D009E3540 /* Build configuration list for PBXNativeTarget "botDesaparecidx" */;
			buildPhases = (
				1DDBA7162072A3A452625B86 /* [CP] Check Pods Manifest.lock */,
				FA9BEB47262F818C009E3540 /* Sources */,
				FA9BEB48262F818C009E3540 /* Frameworks */,
				FA9BEB49262F818C009E3540 /* Resources */,
				26A9D233AB7CD61C2BCEC377 /* [CP] Embed Pods Frameworks */,
			);
			buildRules = (
			);
			dependencies = (
			);
			name = botDesaparecidx;
			productName = botDesaparecidx;
			productReference = FA9BEB4B262F818C009E3540 /* botDesaparecidx.app */;
			productType = "com.apple.product-type.application";
		};
/* End PBXNativeTarget section */

/* Begin PBXProject section */
		FA9BEB43262F818C009E3540 /* Project object */ = {
			isa = PBXProject;
			attributes = {
				LastSwiftUpdateCheck = 1240;
				LastUpgradeCheck = 1240;
				TargetAttributes = {
					FA9BEB4A262F818C009E3540 = {
						CreatedOnToolsVersion = 12.4;
					};
				};
			};
			buildConfigurationList = FA9BEB46262F818C009E3540 /* Build configuration list for PBXProject "botDesaparecidx" */;
			compatibilityVersion = "Xcode 9.3";
			developmentRegion = en;
			hasScannedForEncodings = 0;
			knownRegions = (
				en,
				Base,
			);
			mainGroup = FA9BEB42262F818C009E3540;
			productRefGroup = FA9BEB4C262F818C009E3540 /* Products */;
			projectDirPath = "";
			projectRoot = "";
			targets = (
				FA9BEB4A262F818C009E3540 /* botDesaparecidx */,
			);
		};
/* End PBXProject section */

/* Begin PBXResourcesBuildPhase section */
		FA9BEB49262F818C009E3540 /* Resources */ = {
			isa = PBXResourcesBuildPhase;
			buildActionMask = 2147483647;
			files = (
				FAF96A4C265DDBF900332D0C /* MuseoModerno-VariableFont_wght.ttf in Resources */,
				FA9BEB5B262F818D009E3540 /* LaunchScreen.storyboard in Resources */,
				FAE125CC26321DA0005C35EA /* GoogleService-Info.plist in Resources */,
				FAC92EE1265CC88C00DB6C19 /* CasoTableViewCell.xib in Resources */,
				FA9BEB58262F818D009E3540 /* Assets.xcassets in Resources */,
				FA9BEB56262F818C009E3540 /* Main.storyboard in Resources */,
			);
			runOnlyForDeploymentPostprocessing = 0;
		};
/* End PBXResourcesBuildPhase section */

/* Begin PBXShellScriptBuildPhase section */
		1DDBA7162072A3A452625B86 /* [CP] Check Pods Manifest.lock */ = {
			isa = PBXShellScriptBuildPhase;
			buildActionMask = 2147483647;
			files = (
			);
			inputFileListPaths = (
			);
			inputPaths = (
				"${PODS_PODFILE_DIR_PATH}/Podfile.lock",
				"${PODS_ROOT}/Manifest.lock",
			);
			name = "[CP] Check Pods Manifest.lock";
			outputFileListPaths = (
			);
			outputPaths = (
				"$(DERIVED_FILE_DIR)/Pods-botDesaparecidx-checkManifestLockResult.txt",
			);
			runOnlyForDeploymentPostprocessing = 0;
			shellPath = /bin/sh;
			shellScript = "diff \"${PODS_PODFILE_DIR_PATH}/Podfile.lock\" \"${PODS_ROOT}/Manifest.lock\" > /dev/null\nif [ $? != 0 ] ; then\n    # print error to STDERR\n    echo \"error: The sandbox is not in sync with the Podfile.lock. Run 'pod install' or update your CocoaPods installation.\" >&2\n    exit 1\nfi\n# This output is used by Xcode 'outputs' to avoid re-running this script phase.\necho \"SUCCESS\" > \"${SCRIPT_OUTPUT_FILE_0}\"\n";
			showEnvVarsInLog = 0;
		};
		26A9D233AB7CD61C2BCEC377 /* [CP] Embed Pods Frameworks */ = {
			isa = PBXShellScriptBuildPhase;
			buildActionMask = 2147483647;
			files = (
			);
			inputFileListPaths = (
				"${PODS_ROOT}/Target Support Files/Pods-botDesaparecidx/Pods-botDesaparecidx-frameworks-${CONFIGURATION}-input-files.xcfilelist",
			);
			name = "[CP] Embed Pods Frameworks";
			outputFileListPaths = (
				"${PODS_ROOT}/Target Support Files/Pods-botDesaparecidx/Pods-botDesaparecidx-frameworks-${CONFIGURATION}-output-files.xcfilelist",
			);
			runOnlyForDeploymentPostprocessing = 0;
			shellPath = /bin/sh;
			shellScript = "\"${PODS_ROOT}/Target Support Files/Pods-botDesaparecidx/Pods-botDesaparecidx-frameworks.sh\"\n";
			showEnvVarsInLog = 0;
		};
/* End PBXShellScriptBuildPhase section */

/* Begin PBXSourcesBuildPhase section */
		FA9BEB47262F818C009E3540 /* Sources */ = {
			isa = PBXSourcesBuildPhase;
			buildActionMask = 2147483647;
			files = (
				B2C738AC2651D99C0015DA8E /* TableViewControllerGuardar.swift in Sources */,
				B2C738A92651D95B0015DA8E /* ViewControllerCompartir.swift in Sources */,
				FA3EA0C9262FA9180093BD96 /* ViewControllerLogin.swift in Sources */,
				FA9BEB53262F818C009E3540 /* ViewController.swift in Sources */,
				FA9BEB4F262F818C009E3540 /* AppDelegate.swift in Sources */,
				FA3EA0C7262FA9060093BD96 /* ViewControllerRegistrar.swift in Sources */,
				FAE4EEB0265612C70074F9AE /* ViewControllerReset.swift in Sources */,
				FAC92EE0265CC88C00DB6C19 /* CasoTableViewCell.swift in Sources */,
				B2C738A32651D8A30015DA8E /* TableViewControllerInicio.swift in Sources */,
				FABD25B3265305000047958D /* tweet.swift in Sources */,
				B2C738A62651D8E00015DA8E /* TableViewControllerBuscar.swift in Sources */,
				FA25154B264C2AEB00B4DB65 /* ViewControllerInicio.swift in Sources */,
				FA9BEB51262F818C009E3540 /* SceneDelegate.swift in Sources */,
				FA251548264C24BC00B4DB65 /* HomeViewController.swift in Sources */,
			);
			runOnlyForDeploymentPostprocessing = 0;
		};
/* End PBXSourcesBuildPhase section */

/* Begin PBXVariantGroup section */
		FA9BEB54262F818C009E3540 /* Main.storyboard */ = {
			isa = PBXVariantGroup;
			children = (
				FA9BEB55262F818C009E3540 /* Base */,
			);
			name = Main.storyboard;
			sourceTree = "<group>";
		};
		FA9BEB59262F818D009E3540 /* LaunchScreen.storyboard */ = {
			isa = PBXVariantGroup;
			children = (
				FA9BEB5A262F818D009E3540 /* Base */,
			);
			name = LaunchScreen.storyboard;
			sourceTree = "<group>";
		};
/* End PBXVariantGroup section */

/* Begin XCBuildConfiguration section */
		FA9BEB5D262F818D009E3540 /* Debug */ = {
			isa = XCBuildConfiguration;
			buildSettings = {
				ALWAYS_SEARCH_USER_PATHS = NO;
				CLANG_ANALYZER_NONNULL = YES;
				CLANG_ANALYZER_NUMBER_OBJECT_CONVERSION = YES_AGGRESSIVE;
				CLANG_CXX_LANGUAGE_STANDARD = "gnu++14";
				CLANG_CXX_LIBRARY = "libc++";
				CLANG_ENABLE_MODULES = YES;
				CLANG_ENABLE_OBJC_ARC = YES;
				CLANG_ENABLE_OBJC_WEAK = YES;
				CLANG_WARN_BLOCK_CAPTURE_AUTORELEASING = YES;
				CLANG_WARN_BOOL_CONVERSION = YES;
				CLANG_WARN_COMMA = YES;
				CLANG_WARN_CONSTANT_CONVERSION = YES;
				CLANG_WARN_DEPRECATED_OBJC_IMPLEMENTATIONS = YES;
				CLANG_WARN_DIRECT_OBJC_ISA_USAGE = YES_ERROR;
				CLANG_WARN_DOCUMENTATION_COMMENTS = YES;
				CLANG_WARN_EMPTY_BODY = YES;
				CLANG_WARN_ENUM_CONVERSION = YES;
				CLANG_WARN_INFINITE_RECURSION = YES;
				CLANG_WARN_INT_CONVERSION = YES;
				CLANG_WARN_NON_LITERAL_NULL_CONVERSION = YES;
				CLANG_WARN_OBJC_IMPLICIT_RETAIN_SELF = YES;
				CLANG_WARN_OBJC_LITERAL_CONVERSION = YES;
				CLANG_WARN_OBJC_ROOT_CLASS = YES_ERROR;
				CLANG_WARN_QUOTED_INCLUDE_IN_FRAMEWORK_HEADER = YES;
				CLANG_WARN_RANGE_LOOP_ANALYSIS = YES;
				CLANG_WARN_STRICT_PROTOTYPES = YES;
				CLANG_WARN_SUSPICIOUS_MOVE = YES;
				CLANG_WARN_UNGUARDED_AVAILABILITY = YES_AGGRESSIVE;
				CLANG_WARN_UNREACHABLE_CODE = YES;
				CLANG_WARN__DUPLICATE_METHOD_MATCH = YES;
				COPY_PHASE_STRIP = NO;
				DEBUG_INFORMATION_FORMAT = dwarf;
				ENABLE_STRICT_OBJC_MSGSEND = YES;
				ENABLE_TESTABILITY = YES;
				GCC_C_LANGUAGE_STANDARD = gnu11;
				GCC_DYNAMIC_NO_PIC = NO;
				GCC_NO_COMMON_BLOCKS = YES;
				GCC_OPTIMIZATION_LEVEL = 0;
				GCC_PREPROCESSOR_DEFINITIONS = (
					"DEBUG=1",
					"$(inherited)",
				);
				GCC_WARN_64_TO_32_BIT_CONVERSION = YES;
				GCC_WARN_ABOUT_RETURN_TYPE = YES_ERROR;
				GCC_WARN_UNDECLARED_SELECTOR = YES;
				GCC_WARN_UNINITIALIZED_AUTOS = YES_AGGRESSIVE;
				GCC_WARN_UNUSED_FUNCTION = YES;
				GCC_WARN_UNUSED_VARIABLE = YES;
				IPHONEOS_DEPLOYMENT_TARGET = 14.4;
				MTL_ENABLE_DEBUG_INFO = INCLUDE_SOURCE;
				MTL_FAST_MATH = YES;
				ONLY_ACTIVE_ARCH = YES;
				SDKROOT = iphoneos;
				SWIFT_ACTIVE_COMPILATION_CONDITIONS = DEBUG;
				SWIFT_OPTIMIZATION_LEVEL = "-Onone";
			};
			name = Debug;
		};
		FA9BEB5E262F818D009E3540 /* Release */ = {
			isa = XCBuildConfiguration;
			buildSettings = {
				ALWAYS_SEARCH_USER_PATHS = NO;
				CLANG_ANALYZER_NONNULL = YES;
				CLANG_ANALYZER_NUMBER_OBJECT_CONVERSION = YES_AGGRESSIVE;
				CLANG_CXX_LANGUAGE_STANDARD = "gnu++14";
				CLANG_CXX_LIBRARY = "libc++";
				CLANG_ENABLE_MODULES = YES;
				CLANG_ENABLE_OBJC_ARC = YES;
				CLANG_ENABLE_OBJC_WEAK = YES;
				CLANG_WARN_BLOCK_CAPTURE_AUTORELEASING = YES;
				CLANG_WARN_BOOL_CONVERSION = YES;
				CLANG_WARN_COMMA = YES;
				CLANG_WARN_CONSTANT_CONVERSION = YES;
				CLANG_WARN_DEPRECATED_OBJC_IMPLEMENTATIONS = YES;
				CLANG_WARN_DIRECT_OBJC_ISA_USAGE = YES_ERROR;
				CLANG_WARN_DOCUMENTATION_COMMENTS = YES;
				CLANG_WARN_EMPTY_BODY = YES;
				CLANG_WARN_ENUM_CONVERSION = YES;
				CLANG_WARN_INFINITE_RECURSION = YES;
				CLANG_WARN_INT_CONVERSION = YES;
				CLANG_WARN_NON_LITERAL_NULL_CONVERSION = YES;
				CLANG_WARN_OBJC_IMPLICIT_RETAIN_SELF = YES;
				CLANG_WARN_OBJC_LITERAL_CONVERSION = YES;
				CLANG_WARN_OBJC_ROOT_CLASS = YES_ERROR;
				CLANG_WARN_QUOTED_INCLUDE_IN_FRAMEWORK_HEADER = YES;
				CLANG_WARN_RANGE_LOOP_ANALYSIS = YES;
				CLANG_WARN_STRICT_PROTOTYPES = YES;
				CLANG_WARN_SUSPICIOUS_MOVE = YES;
				CLANG_WARN_UNGUARDED_AVAILABILITY = YES_AGGRESSIVE;
				CLANG_WARN_UNREACHABLE_CODE = YES;
				CLANG_WARN__DUPLICATE_METHOD_MATCH = YES;
				COPY_PHASE_STRIP = NO;
				DEBUG_INFORMATION_FORMAT = "dwarf-with-dsym";
				ENABLE_NS_ASSERTIONS = NO;
				ENABLE_STRICT_OBJC_MSGSEND = YES;
				GCC_C_LANGUAGE_STANDARD = gnu11;
				GCC_NO_COMMON_BLOCKS = YES;
				GCC_WARN_64_TO_32_BIT_CONVERSION = YES;
				GCC_WARN_ABOUT_RETURN_TYPE = YES_ERROR;
				GCC_WARN_UNDECLARED_SELECTOR = YES;
				GCC_WARN_UNINITIALIZED_AUTOS = YES_AGGRESSIVE;
				GCC_WARN_UNUSED_FUNCTION = YES;
				GCC_WARN_UNUSED_VARIABLE = YES;
				IPHONEOS_DEPLOYMENT_TARGET = 14.4;
				MTL_ENABLE_DEBUG_INFO = NO;
				MTL_FAST_MATH = YES;
				SDKROOT = iphoneos;
				SWIFT_COMPILATION_MODE = wholemodule;
				SWIFT_OPTIMIZATION_LEVEL = "-O";
				VALIDATE_PRODUCT = YES;
			};
			name = Release;
		};
		FA9BEB60262F818D009E3540 /* Debug */ = {
			isa = XCBuildConfiguration;
			baseConfigurationReference = 74DD964D0108D37424E7CB88 /* Pods-botDesaparecidx.debug.xcconfig */;
			buildSettings = {
				ASSETCATALOG_COMPILER_APPICON_NAME = AppIcon;
				ASSETCATALOG_COMPILER_GLOBAL_ACCENT_COLOR_NAME = AccentColor;
				CODE_SIGN_STYLE = Automatic;
				DEVELOPMENT_TEAM = ULTZH48292;
				INFOPLIST_FILE = botDesaparecidx/Info.plist;
				LD_RUNPATH_SEARCH_PATHS = (
					"$(inherited)",
					"@executable_path/Frameworks",
				);
				PRODUCT_BUNDLE_IDENTIFIER = luyer.botDesaparecidx;
				PRODUCT_NAME = "$(TARGET_NAME)";
				SWIFT_VERSION = 5.0;
				TARGETED_DEVICE_FAMILY = "1,2";
			};
			name = Debug;
		};
		FA9BEB61262F818D009E3540 /* Release */ = {
			isa = XCBuildConfiguration;
			baseConfigurationReference = EE8D8D283D984ABED60A2CFB /* Pods-botDesaparecidx.release.xcconfig */;
			buildSettings = {
				ASSETCATALOG_COMPILER_APPICON_NAME = AppIcon;
				ASSETCATALOG_COMPILER_GLOBAL_ACCENT_COLOR_NAME = AccentColor;
				CODE_SIGN_STYLE = Automatic;
				DEVELOPMENT_TEAM = ULTZH48292;
				INFOPLIST_FILE = botDesaparecidx/Info.plist;
				LD_RUNPATH_SEARCH_PATHS = (
					"$(inherited)",
					"@executable_path/Frameworks",
				);
				PRODUCT_BUNDLE_IDENTIFIER = luyer.botDesaparecidx;
				PRODUCT_NAME = "$(TARGET_NAME)";
				SWIFT_VERSION = 5.0;
				TARGETED_DEVICE_FAMILY = "1,2";
			};
			name = Release;
		};
/* End XCBuildConfiguration section */

/* Begin XCConfigurationList section */
		FA9BEB46262F818C009E3540 /* Build configuration list for PBXProject "botDesaparecidx" */ = {
			isa = XCConfigurationList;
			buildConfigurations = (
				FA9BEB5D262F818D009E3540 /* Debug */,
				FA9BEB5E262F818D009E3540 /* Release */,
			);
			defaultConfigurationIsVisible = 0;
			defaultConfigurationName = Release;
		};
		FA9BEB5F262F818D009E3540 /* Build configuration list for PBXNativeTarget "botDesaparecidx" */ = {
			isa = XCConfigurationList;
			buildConfigurations = (
				FA9BEB60262F818D009E3540 /* Debug */,
				FA9BEB61262F818D009E3540 /* Release */,
			);
			defaultConfigurationIsVisible = 0;
			defaultConfigurationName = Release;
		};
/* End XCConfigurationList section */
	};
	rootObject = FA9BEB43262F818C009E3540 /* Project object */;
}
